
Microsoft Visual Studio Solution File, Format Version 12.00
# Visual Studio 15
VisualStudioVersion = 15.0.27703.2035
MinimumVisualStudioVersion = 10.0.40219.1
Project("{FAE04EC0-301F-11D3-BF4B-00C04F79EFBC}") = "ControlStock", "WindowsFormsApp3\ControlStock.csproj", "{FE15F2F5-A804-4C6D-8BB2-9FBE4DFBFA63}"
EndProject
Global
	GlobalSection(SolutionConfigurationPlatforms) = preSolution
		Debug|Any CPU = Debug|Any CPU
		Release|Any CPU = Release|Any CPU
	EndGlobalSection
	GlobalSection(ProjectConfigurationPlatforms) = postSolution
		{FE15F2F5-A804-4C6D-8BB2-9FBE4DFBFA63}.Debug|Any CPU.ActiveCfg = Debug|Any CPU
		{FE15F2F5-A804-4C6D-8BB2-9FBE4DFBFA63}.Debug|Any CPU.Build.0 = Debug|Any CPU
		{FE15F2F5-A804-4C6D-8BB2-9FBE4DFBFA63}.Release|Any CPU.ActiveCfg = Release|Any CPU
		{FE15F2F5-A804-4C6D-8BB2-9FBE4DFBFA63}.Release|Any CPU.Build.0 = Release|Any CPU
	EndGlobalSection
	GlobalSection(SolutionProperties) = preSolution
		HideSolutionNode = FALSE
	EndGlobalSection
	GlobalSection(ExtensibilityGlobals) = postSolution
		SolutionGuid = {BD6CA92D-63BA-43D1-9969-B387F54B402D}
	EndGlobalSection
EndGlobal
